// !$*UTF8*$!
{
	archiveVersion = 1;
	classes = {
	};
	objectVersion = 46;
	objects = {

/* Begin PBXBuildFile section */
		C7AFFB5413FAEF15005D064A /* UIKit.framework in Frameworks */ = {isa = PBXBuildFile; fileRef = C7AFFB5313FAEF15005D064A /* UIKit.framework */; };
		C7AFFB5613FAEF15005D064A /* Foundation.framework in Frameworks */ = {isa = PBXBuildFile; fileRef = C7AFFB5513FAEF15005D064A /* Foundation.framework */; };
		C7AFFB5813FAEF15005D064A /* CoreGraphics.framework in Frameworks */ = {isa = PBXBuildFile; fileRef = C7AFFB5713FAEF15005D064A /* CoreGraphics.framework */; };
		C7AFFB5E13FAEF15005D064A /* InfoPlist.strings in Resources */ = {isa = PBXBuildFile; fileRef = C7AFFB5C13FAEF15005D064A /* InfoPlist.strings */; };
		C7AFFB6113FAEF15005D064A /* main.m in Sources */ = {isa = PBXBuildFile; fileRef = C7AFFB6013FAEF15005D064A /* main.m */; };
		C7AFFB6413FAEF15005D064A /* MaaSiveNotesAppDelegate.m in Sources */ = {isa = PBXBuildFile; fileRef = C7AFFB6313FAEF15005D064A /* MaaSiveNotesAppDelegate.m */; };
		C7AFFB6713FAEF15005D064A /* MainWindow.xib in Resources */ = {isa = PBXBuildFile; fileRef = C7AFFB6513FAEF15005D064A /* MainWindow.xib */; };
		C7AFFB6A13FAEF15005D064A /* RootViewController.m in Sources */ = {isa = PBXBuildFile; fileRef = C7AFFB6913FAEF15005D064A /* RootViewController.m */; };
		C7AFFB6D13FAEF15005D064A /* RootViewController.xib in Resources */ = {isa = PBXBuildFile; fileRef = C7AFFB6B13FAEF15005D064A /* RootViewController.xib */; };
/* End PBXBuildFile section */

/* Begin PBXFileReference section */
		C7AFFB4F13FAEF15005D064A /* MaaSiveNotes.app */ = {isa = PBXFileReference; explicitFileType = wrapper.application; includeInIndex = 0; path = MaaSiveNotes.app; sourceTree = BUILT_PRODUCTS_DIR; };
		C7AFFB5313FAEF15005D064A /* UIKit.framework */ = {isa = PBXFileReference; lastKnownFileType = wrapper.framework; name = UIKit.framework; path = System/Library/Frameworks/UIKit.framework; sourceTree = SDKROOT; };
		C7AFFB5513FAEF15005D064A /* Foundation.framework */ = {isa = PBXFileReference; lastKnownFileType = wrapper.framework; name = Foundation.framework; path = System/Library/Frameworks/Foundation.framework; sourceTree = SDKROOT; };
		C7AFFB5713FAEF15005D064A /* CoreGraphics.framework */ = {isa = PBXFileReference; lastKnownFileType = wrapper.framework; name = CoreGraphics.framework; path = System/Library/Frameworks/CoreGraphics.framework; sourceTree = SDKROOT; };
		C7AFFB5B13FAEF15005D064A /* MaaSiveNotes-Info.plist */ = {isa = PBXFileReference; path = "MaaSiveNotes-Info.plist"; sourceTree = "<group>"; };
		C7AFFB5D13FAEF15005D064A /* en */ = {isa = PBXFileReference; lastKnownFileType = text.plist.strings; name = en; path = en.lproj/InfoPlist.strings; sourceTree = "<group>"; };
		C7AFFB5F13FAEF15005D064A /* MaaSiveNotes-Prefix.pch */ = {isa = PBXFileReference; path = "MaaSiveNotes-Prefix.pch"; sourceTree = "<group>"; };
		C7AFFB6013FAEF15005D064A /* main.m */ = {isa = PBXFileReference; lastKnownFileType = sourcecode.c.objc; path = main.m; sourceTree = "<group>"; };
		C7AFFB6213FAEF15005D064A /* MaaSiveNotesAppDelegate.h */ = {isa = PBXFileReference; path = MaaSiveNotesAppDelegate.h; sourceTree = "<group>"; };
		C7AFFB6313FAEF15005D064A /* MaaSiveNotesAppDelegate.m */ = {isa = PBXFileReference; lastKnownFileType = sourcecode.c.objc; path = MaaSiveNotesAppDelegate.m; sourceTree = "<group>"; };
		C7AFFB6613FAEF15005D064A /* en */ = {isa = PBXFileReference; lastKnownFileType = file.xib; name = en; path = en.lproj/MainWindow.xib; sourceTree = "<group>"; };
		C7AFFB6813FAEF15005D064A /* RootViewController.h */ = {isa = PBXFileReference; path = RootViewController.h; sourceTree = "<group>"; };
		C7AFFB6913FAEF15005D064A /* RootViewController.m */ = {isa = PBXFileReference; lastKnownFileType = sourcecode.c.objc; path = RootViewController.m; sourceTree = "<group>"; };
		C7AFFB6C13FAEF15005D064A /* en */ = {isa = PBXFileReference; lastKnownFileType = file.xib; name = en; path = en.lproj/RootViewController.xib; sourceTree = "<group>"; };
/* End PBXFileReference section */

/* Begin PBXFrameworksBuildPhase section */
		C7AFFB4C13FAEF15005D064A /* Frameworks */ = {
			isa = PBXFrameworksBuildPhase;
			buildActionMask = 2147483647;
			files = (
				C7AFFB5413FAEF15005D064A /* UIKit.framework in Frameworks */,
				C7AFFB5613FAEF15005D064A /* Foundation.framework in Frameworks */,
				C7AFFB5813FAEF15005D064A /* CoreGraphics.framework in Frameworks */,
			);
			runOnlyForDeploymentPostprocessing = 0;
		};
/* End PBXFrameworksBuildPhase section */

/* Begin PBXGroup section */
		C7AFFB4413FAEF15005D064A = {
			isa = PBXGroup;
			children = (
				C7AFFB5913FAEF15005D064A /* MaaSiveNotes */,
				C7AFFB5213FAEF15005D064A /* Frameworks */,
				C7AFFB5013FAEF15005D064A /* Products */,
			);
			sourceTree = "<group>";
		};
		C7AFFB5013FAEF15005D064A /* Products */ = {
			isa = PBXGroup;
			children = (
				C7AFFB4F13FAEF15005D064A /* MaaSiveNotes.app */,
			);
			name = Products;
			sourceTree = "<group>";
		};
		C7AFFB5213FAEF15005D064A /* Frameworks */ = {
			isa = PBXGroup;
			children = (
				C7AFFB5313FAEF15005D064A /* UIKit.framework */,
				C7AFFB5513FAEF15005D064A /* Foundation.framework */,
				C7AFFB5713FAEF15005D064A /* CoreGraphics.framework */,
			);
			name = Frameworks;
			sourceTree = "<group>";
		};
		C7AFFB5913FAEF15005D064A /* MaaSiveNotes */ = {
			isa = PBXGroup;
			children = (
				C7AFFB6213FAEF15005D064A /* MaaSiveNotesAppDelegate.h */,
				C7AFFB6313FAEF15005D064A /* MaaSiveNotesAppDelegate.m */,
				C7AFFB6513FAEF15005D064A /* MainWindow.xib */,
				C7AFFB6813FAEF15005D064A /* RootViewController.h */,
				C7AFFB6913FAEF15005D064A /* RootViewController.m */,
				C7AFFB6B13FAEF15005D064A /* RootViewController.xib */,
				C7AFFB5A13FAEF15005D064A /* Supporting Files */,
			);
			path = MaaSiveNotes;
			sourceTree = "<group>";
		};
		C7AFFB5A13FAEF15005D064A /* Supporting Files */ = {
			isa = PBXGroup;
			children = (
				C7AFFB5B13FAEF15005D064A /* MaaSiveNotes-Info.plist */,
				C7AFFB5C13FAEF15005D064A /* InfoPlist.strings */,
				C7AFFB5F13FAEF15005D064A /* MaaSiveNotes-Prefix.pch */,
				C7AFFB6013FAEF15005D064A /* main.m */,
			);
			name = "Supporting Files";
			sourceTree = "<group>";
		};
/* End PBXGroup section */

/* Begin PBXNativeTarget section */
		C7AFFB4E13FAEF15005D064A /* MaaSiveNotes */ = {
			isa = PBXNativeTarget;
			buildConfigurationList = C7AFFB7013FAEF15005D064A /* Build configuration list for PBXNativeTarget "MaaSiveNotes" */;
			buildPhases = (
				C7AFFB4B13FAEF15005D064A /* Sources */,
				C7AFFB4C13FAEF15005D064A /* Frameworks */,
				C7AFFB4D13FAEF15005D064A /* Resources */,
			);
			buildRules = (
			);
			dependencies = (
			);
			name = MaaSiveNotes;
			productName = MaaSiveNotes;
			productReference = C7AFFB4F13FAEF15005D064A /* MaaSiveNotes.app */;
			productType = "com.apple.product-type.application";
		};
/* End PBXNativeTarget section */

/* Begin PBXProject section */
		C7AFFB4613FAEF15005D064A /* Project object */ = {
			isa = PBXProject;
			buildConfigurationList = C7AFFB4913FAEF15005D064A /* Build configuration list for PBXProject "MaaSiveNotes" */;
			compatibilityVersion = "Xcode 3.2";
			developmentRegion = English;
			hasScannedForEncodings = 0;
			knownRegions = (
				en,
			);
			mainGroup = C7AFFB4413FAEF15005D064A;
			productRefGroup = C7AFFB5013FAEF15005D064A /* Products */;
			projectDirPath = "";
			projectRoot = "";
			targets = (
				C7AFFB4E13FAEF15005D064A /* MaaSiveNotes */,
			);
		};
/* End PBXProject section */

/* Begin PBXResourcesBuildPhase section */
		C7AFFB4D13FAEF15005D064A /* Resources */ = {
			isa = PBXResourcesBuildPhase;
			buildActionMask = 2147483647;
			files = (
				C7AFFB5E13FAEF15005D064A /* InfoPlist.strings in Resources */,
				C7AFFB6713FAEF15005D064A /* MainWindow.xib in Resources */,
				C7AFFB6D13FAEF15005D064A /* RootViewController.xib in Resources */,
			);
			runOnlyForDeploymentPostprocessing = 0;
		};
/* End PBXResourcesBuildPhase section */

/* Begin PBXSourcesBuildPhase section */
		C7AFFB4B13FAEF15005D064A /* Sources */ = {
			isa = PBXSourcesBuildPhase;
			buildActionMask = 2147483647;
			files = (
				C7AFFB6113FAEF15005D064A /* main.m in Sources */,
				C7AFFB6413FAEF15005D064A /* MaaSiveNotesAppDelegate.m in Sources */,
				C7AFFB6A13FAEF15005D064A /* RootViewController.m in Sources */,
			);
			runOnlyForDeploymentPostprocessing = 0;
		};
/* End PBXSourcesBuildPhase section */

/* Begin PBXVariantGroup section */
		C7AFFB5C13FAEF15005D064A /* InfoPlist.strings */ = {
			isa = PBXVariantGroup;
			children = (
				C7AFFB5D13FAEF15005D064A /* en */,
			);
			name = InfoPlist.strings;
			sourceTree = "<group>";
		};
		C7AFFB6513FAEF15005D064A /* MainWindow.xib */ = {
			isa = PBXVariantGroup;
			children = (
				C7AFFB6613FAEF15005D064A /* en */,
			);
			name = MainWindow.xib;
			sourceTree = "<group>";
		};
		C7AFFB6B13FAEF15005D064A /* RootViewController.xib */ = {
			isa = PBXVariantGroup;
			children = (
				C7AFFB6C13FAEF15005D064A /* en */,
			);
			name = RootViewController.xib;
			sourceTree = "<group>";
		};
/* End PBXVariantGroup section */

/* Begin XCBuildConfiguration section */
		C7AFFB6E13FAEF15005D064A /* Debug */ = {
			isa = XCBuildConfiguration;
			buildSettings = {
				ARCHS = "$(ARCHS_STANDARD_32_BIT)";
				"CODE_SIGN_IDENTITY[sdk=iphoneos*]" = "iPhone Developer";
				GCC_C_LANGUAGE_STANDARD = gnu99;
				GCC_OPTIMIZATION_LEVEL = 0;
				GCC_PREPROCESSOR_DEFINITIONS = DEBUG;
				GCC_SYMBOLS_PRIVATE_EXTERN = NO;
				GCC_VERSION = com.apple.compilers.llvmgcc42;
				GCC_WARN_ABOUT_RETURN_TYPE = YES;
				GCC_WARN_UNUSED_VARIABLE = YES;
				IPHONEOS_DEPLOYMENT_TARGET = 4.3;
				SDKROOT = iphoneos;
			};
			name = Debug;
		};
		C7AFFB6F13FAEF15005D064A /* Release */ = {
			isa = XCBuildConfiguration;
			buildSettings = {
				ARCHS = "$(ARCHS_STANDARD_32_BIT)";
				"CODE_SIGN_IDENTITY[sdk=iphoneos*]" = "iPhone Developer";
				GCC_C_LANGUAGE_STANDARD = gnu99;
				GCC_VERSION = com.apple.compilers.llvmgcc42;
				GCC_WARN_ABOUT_RETURN_TYPE = YES;
				GCC_WARN_UNUSED_VARIABLE = YES;
				IPHONEOS_DEPLOYMENT_TARGET = 4.3;
				OTHER_CFLAGS = "-DNS_BLOCK_ASSERTIONS=1";
				SDKROOT = iphoneos;
			};
			name = Release;
		};
		C7AFFB7113FAEF15005D064A /* Debug */ = {
			isa = XCBuildConfiguration;
			buildSettings = {
				ALWAYS_SEARCH_USER_PATHS = NO;
				COPY_PHASE_STRIP = NO;
				GCC_DYNAMIC_NO_PIC = NO;
				GCC_PRECOMPILE_PREFIX_HEADER = YES;
				GCC_PREFIX_HEADER = "MaaSiveNotes/MaaSiveNotes-Prefix.pch";
				INFOPLIST_FILE = "MaaSiveNotes/MaaSiveNotes-Info.plist";
				PRODUCT_NAME = "$(TARGET_NAME)";
				WRAPPER_EXTENSION = app;
			};
			name = Debug;
		};
		C7AFFB7213FAEF15005D064A /* Release */ = {
			isa = XCBuildConfiguration;
			buildSettings = {
				ALWAYS_SEARCH_USER_PATHS = NO;
				COPY_PHASE_STRIP = YES;
				GCC_PRECOMPILE_PREFIX_HEADER = YES;
				GCC_PREFIX_HEADER = "MaaSiveNotes/MaaSiveNotes-Prefix.pch";
				INFOPLIST_FILE = "MaaSiveNotes/MaaSiveNotes-Info.plist";
				PRODUCT_NAME = "$(TARGET_NAME)";
				VALIDATE_PRODUCT = YES;
				WRAPPER_EXTENSION = app;
			};
			name = Release;
		};
/* End XCBuildConfiguration section */

/* Begin XCConfigurationList section */
		C7AFFB4913FAEF15005D064A /* Build configuration list for PBXProject "MaaSiveNotes" */ = {
			isa = XCConfigurationList;
			buildConfigurations = (
				C7AFFB6E13FAEF15005D064A /* Debug */,
				C7AFFB6F13FAEF15005D064A /* Release */,
			);
			defaultConfigurationIsVisible = 0;
			defaultConfigurationName = Release;
		};
		C7AFFB7013FAEF15005D064A /* Build configuration list for PBXNativeTarget "MaaSiveNotes" */ = {
			isa = XCConfigurationList;
			buildConfigurations = (
				C7AFFB7113FAEF15005D064A /* Debug */,
				C7AFFB7213FAEF15005D064A /* Release */,
			);
			defaultConfigurationIsVisible = 0;
		};
/* End XCConfigurationList section */
	};
	rootObject = C7AFFB4613FAEF15005D064A /* Project object */;
}
